// !$*UTF8*$!
{
	archiveVersion = 1;
	classes = {
	};
	objectVersion = 46;
	objects = {

/* Begin PBXBuildFile section */
		D6AB5C331B131B6E006E8C99 /* main.m in Sources */ = {isa = PBXBuildFile; fileRef = D6AB5C321B131B6E006E8C99 /* main.m */; };
		D6AB5C361B131B6E006E8C99 /* AppDelegate.m in Sources */ = {isa = PBXBuildFile; fileRef = D6AB5C351B131B6E006E8C99 /* AppDelegate.m */; };
		D6AB5C391B131B6F006E8C99 /* ViewController.m in Sources */ = {isa = PBXBuildFile; fileRef = D6AB5C381B131B6F006E8C99 /* ViewController.m */; };
		D6AB5C3C1B131B6F006E8C99 /* Main.storyboard in Resources */ = {isa = PBXBuildFile; fileRef = D6AB5C3A1B131B6F006E8C99 /* Main.storyboard */; };
		D6AB5C3E1B131B6F006E8C99 /* Images.xcassets in Resources */ = {isa = PBXBuildFile; fileRef = D6AB5C3D1B131B6F006E8C99 /* Images.xcassets */; };
		D6AB5C411B131B6F006E8C99 /* LaunchScreen.xib in Resources */ = {isa = PBXBuildFile; fileRef = D6AB5C3F1B131B6F006E8C99 /* LaunchScreen.xib */; };
		D6AB5C4D1B131B6F006E8C99 /* ImpossibleHarryOBJTests.m in Sources */ = {isa = PBXBuildFile; fileRef = D6AB5C4C1B131B6F006E8C99 /* ImpossibleHarryOBJTests.m */; };
/* End PBXBuildFile section */

/* Begin PBXContainerItemProxy section */
		D6AB5C471B131B6F006E8C99 /* PBXContainerItemProxy */ = {
			isa = PBXContainerItemProxy;
			containerPortal = D6AB5C251B131B6E006E8C99 /* Project object */;
			proxyType = 1;
			remoteGlobalIDString = D6AB5C2C1B131B6E006E8C99;
			remoteInfo = ImpossibleHarryOBJ;
		};
/* End PBXContainerItemProxy section */

/* Begin PBXFileReference section */
		D6AB5C2D1B131B6E006E8C99 /* ImpossibleHarryOBJ.app */ = {isa = PBXFileReference; explicitFileType = wrapper.application; includeInIndex = 0; path = ImpossibleHarryOBJ.app; sourceTree = BUILT_PRODUCTS_DIR; };
		D6AB5C311B131B6E006E8C99 /* Info.plist */ = {isa = PBXFileReference; lastKnownFileType = text.plist.xml; path = Info.plist; sourceTree = "<group>"; };
		D6AB5C321B131B6E006E8C99 /* main.m */ = {isa = PBXFileReference; lastKnownFileType = sourcecode.c.objc; path = main.m; sourceTree = "<group>"; };
		D6AB5C341B131B6E006E8C99 /* AppDelegate.h */ = {isa = PBXFileReference; lastKnownFileType = sourcecode.c.h; path = AppDelegate.h; sourceTree = "<group>"; };
		D6AB5C351B131B6E006E8C99 /* AppDelegate.m */ = {isa = PBXFileReference; lastKnownFileType = sourcecode.c.objc; path = AppDelegate.m; sourceTree = "<group>"; };
		D6AB5C371B131B6F006E8C99 /* ViewController.h */ = {isa = PBXFileReference; lastKnownFileType = sourcecode.c.h; path = ViewController.h; sourceTree = "<group>"; };
		D6AB5C381B131B6F006E8C99 /* ViewController.m */ = {isa = PBXFileReference; lastKnownFileType = sourcecode.c.objc; path = ViewController.m; sourceTree = "<group>"; };
		D6AB5C3B1B131B6F006E8C99 /* Base */ = {isa = PBXFileReference; lastKnownFileType = file.storyboard; name = Base; path = Base.lproj/Main.storyboard; sourceTree = "<group>"; };
		D6AB5C3D1B131B6F006E8C99 /* Images.xcassets */ = {isa = PBXFileReference; lastKnownFileType = folder.assetcatalog; path = Images.xcassets; sourceTree = "<group>"; };
		D6AB5C401B131B6F006E8C99 /* Base */ = {isa = PBXFileReference; lastKnownFileType = file.xib; name = Base; path = Base.lproj/LaunchScreen.xib; sourceTree = "<group>"; };
		D6AB5C461B131B6F006E8C99 /* ImpossibleHarryOBJTests.xctest */ = {isa = PBXFileReference; explicitFileType = wrapper.cfbundle; includeInIndex = 0; path = ImpossibleHarryOBJTests.xctest; sourceTree = BUILT_PRODUCTS_DIR; };
		D6AB5C4B1B131B6F006E8C99 /* Info.plist */ = {isa = PBXFileReference; lastKnownFileType = text.plist.xml; path = Info.plist; sourceTree = "<group>"; };
		D6AB5C4C1B131B6F006E8C99 /* ImpossibleHarryOBJTests.m */ = {isa = PBXFileReference; lastKnownFileType = sourcecode.c.objc; path = ImpossibleHarryOBJTests.m; sourceTree = "<group>"; };
/* End PBXFileReference section */

/* Begin PBXFrameworksBuildPhase section */
		D6AB5C2A1B131B6E006E8C99 /* Frameworks */ = {
			isa = PBXFrameworksBuildPhase;
			buildActionMask = 2147483647;
			files = (
			);
			runOnlyForDeploymentPostprocessing = 0;
		};
		D6AB5C431B131B6F006E8C99 /* Frameworks */ = {
			isa = PBXFrameworksBuildPhase;
			buildActionMask = 2147483647;
			files = (
			);
			runOnlyForDeploymentPostprocessing = 0;
		};
/* End PBXFrameworksBuildPhase section */

/* Begin PBXGroup section */
		D6AB5C241B131B6E006E8C99 = {
			isa = PBXGroup;
			children = (
				D6AB5C2F1B131B6E006E8C99 /* ImpossibleHarryOBJ */,
				D6AB5C491B131B6F006E8C99 /* ImpossibleHarryOBJTests */,
				D6AB5C2E1B131B6E006E8C99 /* Products */,
			);
			sourceTree = "<group>";
		};
		D6AB5C2E1B131B6E006E8C99 /* Products */ = {
			isa = PBXGroup;
			children = (
				D6AB5C2D1B131B6E006E8C99 /* ImpossibleHarryOBJ.app */,
				D6AB5C461B131B6F006E8C99 /* ImpossibleHarryOBJTests.xctest */,
			);
			name = Products;
			sourceTree = "<group>";
		};
		D6AB5C2F1B131B6E006E8C99 /* ImpossibleHarryOBJ */ = {
			isa = PBXGroup;
			children = (
				D6AB5C341B131B6E006E8C99 /* AppDelegate.h */,
				D6AB5C351B131B6E006E8C99 /* AppDelegate.m */,
				D6AB5C371B131B6F006E8C99 /* ViewController.h */,
				D6AB5C381B131B6F006E8C99 /* ViewController.m */,
				D6AB5C3A1B131B6F006E8C99 /* Main.storyboard */,
				D6AB5C3D1B131B6F006E8C99 /* Images.xcassets */,
				D6AB5C3F1B131B6F006E8C99 /* LaunchScreen.xib */,
				D6AB5C301B131B6E006E8C99 /* Supporting Files */,
			);
			path = ImpossibleHarryOBJ;
			sourceTree = "<group>";
		};
		D6AB5C301B131B6E006E8C99 /* Supporting Files */ = {
			isa = PBXGroup;
			children = (
				D6AB5C311B131B6E006E8C99 /* Info.plist */,
				D6AB5C321B131B6E006E8C99 /* main.m */,
			);
			name = "Supporting Files";
			sourceTree = "<group>";
		};
		D6AB5C491B131B6F006E8C99 /* ImpossibleHarryOBJTests */ = {
			isa = PBXGroup;
			children = (
				D6AB5C4C1B131B6F006E8C99 /* ImpossibleHarryOBJTests.m */,
				D6AB5C4A1B131B6F006E8C99 /* Supporting Files */,
			);
			path = ImpossibleHarryOBJTests;
			sourceTree = "<group>";
		};
		D6AB5C4A1B131B6F006E8C99 /* Supporting Files */ = {
			isa = PBXGroup;
			children = (
				D6AB5C4B1B131B6F006E8C99 /* Info.plist */,
			);
			name = "Supporting Files";
			sourceTree = "<group>";
		};
/* End PBXGroup section */

/* Begin PBXNativeTarget section */
		D6AB5C2C1B131B6E006E8C99 /* ImpossibleHarryOBJ */ = {
			isa = PBXNativeTarget;
			buildConfigurationList = D6AB5C501B131B6F006E8C99 /* Build configuration list for PBXNativeTarget "ImpossibleHarryOBJ" */;
			buildPhases = (
				D6AB5C291B131B6E006E8C99 /* Sources */,
				D6AB5C2A1B131B6E006E8C99 /* Frameworks */,
				D6AB5C2B1B131B6E006E8C99 /* Resources */,
			);
			buildRules = (
			);
			dependencies = (
			);
			name = ImpossibleHarryOBJ;
			productName = ImpossibleHarryOBJ;
			productReference = D6AB5C2D1B131B6E006E8C99 /* ImpossibleHarryOBJ.app */;
			productType = "com.apple.product-type.application";
		};
		D6AB5C451B131B6F006E8C99 /* ImpossibleHarryOBJTests */ = {
			isa = PBXNativeTarget;
			buildConfigurationList = D6AB5C531B131B6F006E8C99 /* Build configuration list for PBXNativeTarget "ImpossibleHarryOBJTests" */;
			buildPhases = (
				D6AB5C421B131B6F006E8C99 /* Sources */,
				D6AB5C431B131B6F006E8C99 /* Frameworks */,
				D6AB5C441B131B6F006E8C99 /* Resources */,
			);
			buildRules = (
			);
			dependencies = (
				D6AB5C481B131B6F006E8C99 /* PBXTargetDependency */,
			);
			name = ImpossibleHarryOBJTests;
			productName = ImpossibleHarryOBJTests;
			productReference = D6AB5C461B131B6F006E8C99 /* ImpossibleHarryOBJTests.xctest */;
			productType = "com.apple.product-type.bundle.unit-test";
		};
/* End PBXNativeTarget section */

/* Begin PBXProject section */
		D6AB5C251B131B6E006E8C99 /* Project object */ = {
			isa = PBXProject;
			attributes = {
				LastUpgradeCheck = 0630;
				ORGANIZATIONNAME = abtranbn;
				TargetAttributes = {
					D6AB5C2C1B131B6E006E8C99 = {
						CreatedOnToolsVersion = 6.3;
					};
					D6AB5C451B131B6F006E8C99 = {
						CreatedOnToolsVersion = 6.3;
						TestTargetID = D6AB5C2C1B131B6E006E8C99;
					};
				};
			};
			buildConfigurationList = D6AB5C281B131B6E006E8C99 /* Build configuration list for PBXProject "ImpossibleHarryOBJ" */;
			compatibilityVersion = "Xcode 3.2";
			developmentRegion = English;
			hasScannedForEncodings = 0;
			knownRegions = (
				en,
				Base,
			);
			mainGroup = D6AB5C241B131B6E006E8C99;
			productRefGroup = D6AB5C2E1B131B6E006E8C99 /* Products */;
			projectDirPath = "";
			projectRoot = "";
			targets = (
				D6AB5C2C1B131B6E006E8C99 /* ImpossibleHarryOBJ */,
				D6AB5C451B131B6F006E8C99 /* ImpossibleHarryOBJTests */,
			);
		};
/* End PBXProject section */

/* Begin PBXResourcesBuildPhase section */
		D6AB5C2B1B131B6E006E8C99 /* Resources */ = {
			isa = PBXResourcesBuildPhase;
			buildActionMask = 2147483647;
			files = (
				D6AB5C3C1B131B6F006E8C99 /* Main.storyboard in Resources */,
				D6AB5C411B131B6F006E8C99 /* LaunchScreen.xib in Resources */,
				D6AB5C3E1B131B6F006E8C99 /* Images.xcassets in Resources */,
			);
			runOnlyForDeploymentPostprocessing = 0;
		};
		D6AB5C441B131B6F006E8C99 /* Resources */ = {
			isa = PBXResourcesBuildPhase;
			buildActionMask = 2147483647;
			files = (
			);
			runOnlyForDeploymentPostprocessing = 0;
		};
/* End PBXResourcesBuildPhase section */

/* Begin PBXSourcesBuildPhase section */
		D6AB5C291B131B6E006E8C99 /* Sources */ = {
			isa = PBXSourcesBuildPhase;
			buildActionMask = 2147483647;
			files = (
				D6AB5C391B131B6F006E8C99 /* ViewController.m in Sources */,
				D6AB5C361B131B6E006E8C99 /* AppDelegate.m in Sources */,
				D6AB5C331B131B6E006E8C99 /* main.m in Sources */,
			);
			runOnlyForDeploymentPostprocessing = 0;
		};
		D6AB5C421B131B6F006E8C99 /* Sources */ = {
			isa = PBXSourcesBuildPhase;
			buildActionMask = 2147483647;
			files = (
				D6AB5C4D1B131B6F006E8C99 /* ImpossibleHarryOBJTests.m in Sources */,
			);
			runOnlyForDeploymentPostprocessing = 0;
		};
/* End PBXSourcesBuildPhase section */

/* Begin PBXTargetDependency section */
		D6AB5C481B131B6F006E8C99 /* PBXTargetDependency */ = {
			isa = PBXTargetDependency;
			target = D6AB5C2C1B131B6E006E8C99 /* ImpossibleHarryOBJ */;
			targetProxy = D6AB5C471B131B6F006E8C99 /* PBXContainerItemProxy */;
		};
/* End PBXTargetDependency section */

/* Begin PBXVariantGroup section */
		D6AB5C3A1B131B6F006E8C99 /* Main.storyboard */ = {
			isa = PBXVariantGroup;
			children = (
				D6AB5C3B1B131B6F006E8C99 /* Base */,
			);
			name = Main.storyboard;
			sourceTree = "<group>";
		};
		D6AB5C3F1B131B6F006E8C99 /* LaunchScreen.xib */ = {
			isa = PBXVariantGroup;
			children = (
				D6AB5C401B131B6F006E8C99 /* Base */,
			);
			name = LaunchScreen.xib;
			sourceTree = "<group>";
		};
/* End PBXVariantGroup section */

/* Begin XCBuildConfiguration section */
		D6AB5C4E1B131B6F006E8C99 /* Debug */ = {
			isa = XCBuildConfiguration;
			buildSettings = {
				ALWAYS_SEARCH_USER_PATHS = NO;
				CLANG_CXX_LANGUAGE_STANDARD = "gnu++0x";
				CLANG_CXX_LIBRARY = "libc++";
				CLANG_ENABLE_MODULES = YES;
				CLANG_ENABLE_OBJC_ARC = YES;
				CLANG_WARN_BOOL_CONVERSION = YES;
				CLANG_WARN_CONSTANT_CONVERSION = YES;
				CLANG_WARN_DIRECT_OBJC_ISA_USAGE = YES_ERROR;
				CLANG_WARN_EMPTY_BODY = YES;
				CLANG_WARN_ENUM_CONVERSION = YES;
				CLANG_WARN_INT_CONVERSION = YES;
				CLANG_WARN_OBJC_ROOT_CLASS = YES_ERROR;
				CLANG_WARN_UNREACHABLE_CODE = YES;
				CLANG_WARN__DUPLICATE_METHOD_MATCH = YES;
				"CODE_SIGN_IDENTITY[sdk=iphoneos*]" = "iPhone Developer";
				COPY_PHASE_STRIP = NO;
				DEBUG_INFORMATION_FORMAT = "dwarf-with-dsym";
				ENABLE_STRICT_OBJC_MSGSEND = YES;
				GCC_C_LANGUAGE_STANDARD = gnu99;
				GCC_DYNAMIC_NO_PIC = NO;
				GCC_NO_COMMON_BLOCKS = YES;
				GCC_OPTIMIZATION_LEVEL = 0;
				GCC_PREPROCESSOR_DEFINITIONS = (
					"DEBUG=1",
					"$(inherited)",
				);
				GCC_SYMBOLS_PRIVATE_EXTERN = NO;
				GCC_WARN_64_TO_32_BIT_CONVERSION = YES;
				GCC_WARN_ABOUT_RETURN_TYPE = YES_ERROR;
				GCC_WARN_UNDECLARED_SELECTOR = YES;
				GCC_WARN_UNINITIALIZED_AUTOS = YES_AGGRESSIVE;
				GCC_WARN_UNUSED_FUNCTION = YES;
				GCC_WARN_UNUSED_VARIABLE = YES;
				IPHONEOS_DEPLOYMENT_TARGET = 8.3;
				MTL_ENABLE_DEBUG_INFO = YES;
				ONLY_ACTIVE_ARCH = YES;
				SDKROOT = iphoneos;
				TARGETED_DEVICE_FAMILY = "1,2";
			};
			name = Debug;
		};
		D6AB5C4F1B131B6F006E8C99 /* Release */ = {
			isa = XCBuildConfiguration;
			buildSettings = {
				ALWAYS_SEARCH_USER_PATHS = NO;
				CLANG_CXX_LANGUAGE_STANDARD = "gnu++0x";
				CLANG_CXX_LIBRARY = "libc++";
				CLANG_ENABLE_MODULES = YES;
				CLANG_ENABLE_OBJC_ARC = YES;
				CLANG_WARN_BOOL_CONVERSION = YES;
				CLANG_WARN_CONSTANT_CONVERSION = YES;
				CLANG_WARN_DIRECT_OBJC_ISA_USAGE = YES_ERROR;
				CLANG_WARN_EMPTY_BODY = YES;
				CLANG_WARN_ENUM_CONVERSION = YES;
				CLANG_WARN_INT_CONVERSION = YES;
				CLANG_WARN_OBJC_ROOT_CLASS = YES_ERROR;
				CLANG_WARN_UNREACHABLE_CODE = YES;
				CLANG_WARN__DUPLICATE_METHOD_MATCH = YES;
				"CODE_SIGN_IDENTITY[sdk=iphoneos*]" = "iPhone Developer";
				COPY_PHASE_STRIP = NO;
				DEBUG_INFORMATION_FORMAT = "dwarf-with-dsym";
				ENABLE_NS_ASSERTIONS = NO;
				ENABLE_STRICT_OBJC_MSGSEND = YES;
				GCC_C_LANGUAGE_STANDARD = gnu99;
				GCC_NO_COMMON_BLOCKS = YES;
				GCC_WARN_64_TO_32_BIT_CONVERSION = YES;
				GCC_WARN_ABOUT_RETURN_TYPE = YES_ERROR;
				GCC_WARN_UNDECLARED_SELECTOR = YES;
				GCC_WARN_UNINITIALIZED_AUTOS = YES_AGGRESSIVE;
				GCC_WARN_UNUSED_FUNCTION = YES;
				GCC_WARN_UNUSED_VARIABLE = YES;
				IPHONEOS_DEPLOYMENT_TARGET = 8.3;
				MTL_ENABLE_DEBUG_INFO = NO;
				SDKROOT = iphoneos;
				TARGETED_DEVICE_FAMILY = "1,2";
				VALIDATE_PRODUCT = YES;
			};
			name = Release;
		};
		D6AB5C511B131B6F006E8C99 /* Debug */ = {
			isa = XCBuildConfiguration;
			buildSettings = {
				ASSETCATALOG_COMPILER_APPICON_NAME = AppIcon;
				INFOPLIST_FILE = ImpossibleHarryOBJ/Info.plist;
				LD_RUNPATH_SEARCH_PATHS = "$(inherited) @executable_path/Frameworks";
				PRODUCT_NAME = "$(TARGET_NAME)";
			};
			name = Debug;
		};
		D6AB5C521B131B6F006E8C99 /* Release */ = {
			isa = XCBuildConfiguration;
			buildSettings = {
				ASSETCATALOG_COMPILER_APPICON_NAME = AppIcon;
				INFOPLIST_FILE = ImpossibleHarryOBJ/Info.plist;
				LD_RUNPATH_SEARCH_PATHS = "$(inherited) @executable_path/Frameworks";
				PRODUCT_NAME = "$(TARGET_NAME)";
			};
			name = Release;
		};
		D6AB5C541B131B6F006E8C99 /* Debug */ = {
			isa = XCBuildConfiguration;
			buildSettings = {
				BUNDLE_LOADER = "$(TEST_HOST)";
				FRAMEWORK_SEARCH_PATHS = (
					"$(SDKROOT)/Developer/Library/Frameworks",
					"$(inherited)",
				);
				GCC_PREPROCESSOR_DEFINITIONS = (
					"DEBUG=1",
					"$(inherited)",
				);
				INFOPLIST_FILE = ImpossibleHarryOBJTests/Info.plist;
				LD_RUNPATH_SEARCH_PATHS = "$(inherited) @executable_path/Frameworks @loader_path/Frameworks";
				PRODUCT_NAME = "$(TARGET_NAME)";
				TEST_HOST = "$(BUILT_PRODUCTS_DIR)/ImpossibleHarryOBJ.app/ImpossibleHarryOBJ";
			};
			name = Debug;
		};
		D6AB5C551B131B6F006E8C99 /* Release */ = {
			isa = XCBuildConfiguration;
			buildSettings = {
				BUNDLE_LOADER = "$(TEST_HOST)";
				FRAMEWORK_SEARCH_PATHS = (
					"$(SDKROOT)/Developer/Library/Frameworks",
					"$(inherited)",
				);
				INFOPLIST_FILE = ImpossibleHarryOBJTests/Info.plist;
				LD_RUNPATH_SEARCH_PATHS = "$(inherited) @executable_path/Frameworks @loader_path/Frameworks";
				PRODUCT_NAME = "$(TARGET_NAME)";
				TEST_HOST = "$(BUILT_PRODUCTS_DIR)/ImpossibleHarryOBJ.app/ImpossibleHarryOBJ";
			};
			name = Release;
		};
/* End XCBuildConfiguration section */

/* Begin XCConfigurationList section */
		D6AB5C281B131B6E006E8C99 /* Build configuration list for PBXProject "ImpossibleHarryOBJ" */ = {
			isa = XCConfigurationList;
			buildConfigurations = (
				D6AB5C4E1B131B6F006E8C99 /* Debug */,
				D6AB5C4F1B131B6F006E8C99 /* Release */,
			);
			defaultConfigurationIsVisible = 0;
			defaultConfigurationName = Release;
		};
		D6AB5C501B131B6F006E8C99 /* Build configuration list for PBXNativeTarget "ImpossibleHarryOBJ" */ = {
			isa = XCConfigurationList;
			buildConfigurations = (
				D6AB5C511B131B6F006E8C99 /* Debug */,
				D6AB5C521B131B6F006E8C99 /* Release */,
			);
			defaultConfigurationIsVisible = 0;
		};
		D6AB5C531B131B6F006E8C99 /* Build configuration list for PBXNativeTarget "ImpossibleHarryOBJTests" */ = {
			isa = XCConfigurationList;
			buildConfigurations = (
				D6AB5C541B131B6F006E8C99 /* Debug */,
				D6AB5C551B131B6F006E8C99 /* Release */,
			);
			defaultConfigurationIsVisible = 0;
		};
/* End XCConfigurationList section */
	};
	rootObject = D6AB5C251B131B6E006E8C99 /* Project object */;
}
